
Microsoft Visual Studio Solution File, Format Version 12.00
# Visual Studio 14
VisualStudioVersion = 14.0.25123.0
MinimumVisualStudioVersion = 10.0.40219.1
Project("{FAE04EC0-301F-11D3-BF4B-00C04F79EFBC}") = "Balivo.DISampleApp.Droid", "Balivo.DISampleApp\Balivo.DISampleApp.Droid\Balivo.DISampleApp.Droid.csproj", "{505606A7-9AEB-437A-8C77-0D308973E4C5}"
EndProject
Project("{FAE04EC0-301F-11D3-BF4B-00C04F79EFBC}") = "Balivo.DISampleApp.iOS", "Balivo.DISampleApp\Balivo.DISampleApp.iOS\Balivo.DISampleApp.iOS.csproj", "{FEFFE1F1-147C-48F9-82F8-CE05E26FC1DC}"
EndProject
Project("{FAE04EC0-301F-11D3-BF4B-00C04F79EFBC}") = "Balivo.DISampleApp.WinPhone", "Balivo.DISampleApp\Balivo.DISampleApp.WinPhone\Balivo.DISampleApp.WinPhone.csproj", "{B93CC88B-407D-4384-A343-6C89C1350FFC}"
EndProject
Project("{FAE04EC0-301F-11D3-BF4B-00C04F79EFBC}") = "Balivo.DISampleApp.UWP", "Balivo.DISampleApp\Balivo.DISampleApp.UWP\Balivo.DISampleApp.UWP.csproj", "{9EE57F79-821E-4485-A683-1BB9D1C8DC2F}"
EndProject
Project("{FAE04EC0-301F-11D3-BF4B-00C04F79EFBC}") = "Balivo.DISampleApp.Windows", "Balivo.DISampleApp\Balivo.DISampleApp.Windows\Balivo.DISampleApp.Windows.csproj", "{FD3F29DB-DB8C-47ED-91F4-CECCE6E7F381}"
EndProject
Project("{FAE04EC0-301F-11D3-BF4B-00C04F79EFBC}") = "Balivo.DISampleApp", "Balivo.DISampleApp\Balivo.DISampleApp\Balivo.DISampleApp.csproj", "{80552A4D-5C19-488D-B4B2-CFE1E20B24D1}"
EndProject
Global
	GlobalSection(SolutionConfigurationPlatforms) = preSolution
		Ad-Hoc|Any CPU = Ad-Hoc|Any CPU
		Ad-Hoc|ARM = Ad-Hoc|ARM
		Ad-Hoc|iPhone = Ad-Hoc|iPhone
		Ad-Hoc|iPhoneSimulator = Ad-Hoc|iPhoneSimulator
		Ad-Hoc|x64 = Ad-Hoc|x64
		Ad-Hoc|x86 = Ad-Hoc|x86
		AppStore|Any CPU = AppStore|Any CPU
		AppStore|ARM = AppStore|ARM
		AppStore|iPhone = AppStore|iPhone
		AppStore|iPhoneSimulator = AppStore|iPhoneSimulator
		AppStore|x64 = AppStore|x64
		AppStore|x86 = AppStore|x86
		Debug|Any CPU = Debug|Any CPU
		Debug|ARM = Debug|ARM
		Debug|iPhone = Debug|iPhone
		Debug|iPhoneSimulator = Debug|iPhoneSimulator
		Debug|x64 = Debug|x64
		Debug|x86 = Debug|x86
		Release|Any CPU = Release|Any CPU
		Release|ARM = Release|ARM
		Release|iPhone = Release|iPhone
		Release|iPhoneSimulator = Release|iPhoneSimulator
		Release|x64 = Release|x64
		Release|x86 = Release|x86
	EndGlobalSection
	GlobalSection(ProjectConfigurationPlatforms) = postSolution
		{505606A7-9AEB-437A-8C77-0D308973E4C5}.Ad-Hoc|Any CPU.ActiveCfg = Release|Any CPU
		{505606A7-9AEB-437A-8C77-0D308973E4C5}.Ad-Hoc|Any CPU.Build.0 = Release|Any CPU
		{505606A7-9AEB-437A-8C77-0D308973E4C5}.Ad-Hoc|Any CPU.Deploy.0 = Release|Any CPU
		{505606A7-9AEB-437A-8C77-0D308973E4C5}.Ad-Hoc|ARM.ActiveCfg = Release|Any CPU
		{505606A7-9AEB-437A-8C77-0D308973E4C5}.Ad-Hoc|ARM.Build.0 = Release|Any CPU
		{505606A7-9AEB-437A-8C77-0D308973E4C5}.Ad-Hoc|ARM.Deploy.0 = Release|Any CPU
		{505606A7-9AEB-437A-8C77-0D308973E4C5}.Ad-Hoc|iPhone.ActiveCfg = Release|Any CPU
		{505606A7-9AEB-437A-8C77-0D308973E4C5}.Ad-Hoc|iPhone.Build.0 = Release|Any CPU
		{505606A7-9AEB-437A-8C77-0D308973E4C5}.Ad-Hoc|iPhone.Deploy.0 = Release|Any CPU
		{505606A7-9AEB-437A-8C77-0D308973E4C5}.Ad-Hoc|iPhoneSimulator.ActiveCfg = Release|Any CPU
		{505606A7-9AEB-437A-8C77-0D308973E4C5}.Ad-Hoc|iPhoneSimulator.Build.0 = Release|Any CPU
		{505606A7-9AEB-437A-8C77-0D308973E4C5}.Ad-Hoc|iPhoneSimulator.Deploy.0 = Release|Any CPU
		{505606A7-9AEB-437A-8C77-0D308973E4C5}.Ad-Hoc|x64.ActiveCfg = Release|Any CPU
		{505606A7-9AEB-437A-8C77-0D308973E4C5}.Ad-Hoc|x64.Build.0 = Release|Any CPU
		{505606A7-9AEB-437A-8C77-0D308973E4C5}.Ad-Hoc|x64.Deploy.0 = Release|Any CPU
		{505606A7-9AEB-437A-8C77-0D308973E4C5}.Ad-Hoc|x86.ActiveCfg = Release|Any CPU
		{505606A7-9AEB-437A-8C77-0D308973E4C5}.Ad-Hoc|x86.Build.0 = Release|Any CPU
		{505606A7-9AEB-437A-8C77-0D308973E4C5}.Ad-Hoc|x86.Deploy.0 = Release|Any CPU
		{505606A7-9AEB-437A-8C77-0D308973E4C5}.AppStore|Any CPU.ActiveCfg = Release|Any CPU
		{505606A7-9AEB-437A-8C77-0D308973E4C5}.AppStore|Any CPU.Build.0 = Release|Any CPU
		{505606A7-9AEB-437A-8C77-0D308973E4C5}.AppStore|Any CPU.Deploy.0 = Release|Any CPU
		{505606A7-9AEB-437A-8C77-0D308973E4C5}.AppStore|ARM.ActiveCfg = Release|Any CPU
		{505606A7-9AEB-437A-8C77-0D308973E4C5}.AppStore|ARM.Build.0 = Release|Any CPU
		{505606A7-9AEB-437A-8C77-0D308973E4C5}.AppStore|ARM.Deploy.0 = Release|Any CPU
		{505606A7-9AEB-437A-8C77-0D308973E4C5}.AppStore|iPhone.ActiveCfg = Release|Any CPU
		{505606A7-9AEB-437A-8C77-0D308973E4C5}.AppStore|iPhone.Build.0 = Release|Any CPU
		{505606A7-9AEB-437A-8C77-0D308973E4C5}.AppStore|iPhone.Deploy.0 = Release|Any CPU
		{505606A7-9AEB-437A-8C77-0D308973E4C5}.AppStore|iPhoneSimulator.ActiveCfg = Release|Any CPU
		{505606A7-9AEB-437A-8C77-0D308973E4C5}.AppStore|iPhoneSimulator.Build.0 = Release|Any CPU
		{505606A7-9AEB-437A-8C77-0D308973E4C5}.AppStore|iPhoneSimulator.Deploy.0 = Release|Any CPU
		{505606A7-9AEB-437A-8C77-0D308973E4C5}.AppStore|x64.ActiveCfg = Release|Any CPU
		{505606A7-9AEB-437A-8C77-0D308973E4C5}.AppStore|x64.Build.0 = Release|Any CPU
		{505606A7-9AEB-437A-8C77-0D308973E4C5}.AppStore|x64.Deploy.0 = Release|Any CPU
		{505606A7-9AEB-437A-8C77-0D308973E4C5}.AppStore|x86.ActiveCfg = Release|Any CPU
		{505606A7-9AEB-437A-8C77-0D308973E4C5}.AppStore|x86.Build.0 = Release|Any CPU
		{505606A7-9AEB-437A-8C77-0D308973E4C5}.AppStore|x86.Deploy.0 = Release|Any CPU
		{505606A7-9AEB-437A-8C77-0D308973E4C5}.Debug|Any CPU.ActiveCfg = Debug|Any CPU
		{505606A7-9AEB-437A-8C77-0D308973E4C5}.Debug|Any CPU.Build.0 = Debug|Any CPU
		{505606A7-9AEB-437A-8C77-0D308973E4C5}.Debug|Any CPU.Deploy.0 = Debug|Any CPU
		{505606A7-9AEB-437A-8C77-0D308973E4C5}.Debug|ARM.ActiveCfg = Debug|Any CPU
		{505606A7-9AEB-437A-8C77-0D308973E4C5}.Debug|ARM.Build.0 = Debug|Any CPU
		{505606A7-9AEB-437A-8C77-0D308973E4C5}.Debug|ARM.Deploy.0 = Debug|Any CPU
		{505606A7-9AEB-437A-8C77-0D308973E4C5}.Debug|iPhone.ActiveCfg = Debug|Any CPU
		{505606A7-9AEB-437A-8C77-0D308973E4C5}.Debug|iPhone.Build.0 = Debug|Any CPU
		{505606A7-9AEB-437A-8C77-0D308973E4C5}.Debug|iPhone.Deploy.0 = Debug|Any CPU
		{505606A7-9AEB-437A-8C77-0D308973E4C5}.Debug|iPhoneSimulator.ActiveCfg = Debug|Any CPU
		{505606A7-9AEB-437A-8C77-0D308973E4C5}.Debug|iPhoneSimulator.Build.0 = Debug|Any CPU
		{505606A7-9AEB-437A-8C77-0D308973E4C5}.Debug|iPhoneSimulator.Deploy.0 = Debug|Any CPU
		{505606A7-9AEB-437A-8C77-0D308973E4C5}.Debug|x64.ActiveCfg = Debug|Any CPU
		{505606A7-9AEB-437A-8C77-0D308973E4C5}.Debug|x64.Build.0 = Debug|Any CPU
		{505606A7-9AEB-437A-8C77-0D308973E4C5}.Debug|x64.Deploy.0 = Debug|Any CPU
		{505606A7-9AEB-437A-8C77-0D308973E4C5}.Debug|x86.ActiveCfg = Debug|Any CPU
		{505606A7-9AEB-437A-8C77-0D308973E4C5}.Debug|x86.Build.0 = Debug|Any CPU
		{505606A7-9AEB-437A-8C77-0D308973E4C5}.Debug|x86.Deploy.0 = Debug|Any CPU
		{505606A7-9AEB-437A-8C77-0D308973E4C5}.Release|Any CPU.ActiveCfg = Release|Any CPU
		{505606A7-9AEB-437A-8C77-0D308973E4C5}.Release|Any CPU.Build.0 = Release|Any CPU
		{505606A7-9AEB-437A-8C77-0D308973E4C5}.Release|Any CPU.Deploy.0 = Release|Any CPU
		{505606A7-9AEB-437A-8C77-0D308973E4C5}.Release|ARM.ActiveCfg = Release|Any CPU
		{505606A7-9AEB-437A-8C77-0D308973E4C5}.Release|ARM.Build.0 = Release|Any CPU
		{505606A7-9AEB-437A-8C77-0D308973E4C5}.Release|ARM.Deploy.0 = Release|Any CPU
		{505606A7-9AEB-437A-8C77-0D308973E4C5}.Release|iPhone.ActiveCfg = Release|Any CPU
		{505606A7-9AEB-437A-8C77-0D308973E4C5}.Release|iPhone.Build.0 = Release|Any CPU
		{505606A7-9AEB-437A-8C77-0D308973E4C5}.Release|iPhone.Deploy.0 = Release|Any CPU
		{505606A7-9AEB-437A-8C77-0D308973E4C5}.Release|iPhoneSimulator.ActiveCfg = Release|Any CPU
		{505606A7-9AEB-437A-8C77-0D308973E4C5}.Release|iPhoneSimulator.Build.0 = Release|Any CPU
		{505606A7-9AEB-437A-8C77-0D308973E4C5}.Release|iPhoneSimulator.Deploy.0 = Release|Any CPU
		{505606A7-9AEB-437A-8C77-0D308973E4C5}.Release|x64.ActiveCfg = Release|Any CPU
		{505606A7-9AEB-437A-8C77-0D308973E4C5}.Release|x64.Build.0 = Release|Any CPU
		{505606A7-9AEB-437A-8C77-0D308973E4C5}.Release|x64.Deploy.0 = Release|Any CPU
		{505606A7-9AEB-437A-8C77-0D308973E4C5}.Release|x86.ActiveCfg = Release|Any CPU
		{505606A7-9AEB-437A-8C77-0D308973E4C5}.Release|x86.Build.0 = Release|Any CPU
		{505606A7-9AEB-437A-8C77-0D308973E4C5}.Release|x86.Deploy.0 = Release|Any CPU
		{FEFFE1F1-147C-48F9-82F8-CE05E26FC1DC}.Ad-Hoc|Any CPU.ActiveCfg = Ad-Hoc|iPhone
		{FEFFE1F1-147C-48F9-82F8-CE05E26FC1DC}.Ad-Hoc|ARM.ActiveCfg = Ad-Hoc|iPhone
		{FEFFE1F1-147C-48F9-82F8-CE05E26FC1DC}.Ad-Hoc|iPhone.ActiveCfg = Ad-Hoc|iPhone
		{FEFFE1F1-147C-48F9-82F8-CE05E26FC1DC}.Ad-Hoc|iPhone.Build.0 = Ad-Hoc|iPhone
		{FEFFE1F1-147C-48F9-82F8-CE05E26FC1DC}.Ad-Hoc|iPhoneSimulator.ActiveCfg = Ad-Hoc|iPhoneSimulator
		{FEFFE1F1-147C-48F9-82F8-CE05E26FC1DC}.Ad-Hoc|iPhoneSimulator.Build.0 = Ad-Hoc|iPhoneSimulator
		{FEFFE1F1-147C-48F9-82F8-CE05E26FC1DC}.Ad-Hoc|x64.ActiveCfg = Ad-Hoc|iPhone
		{FEFFE1F1-147C-48F9-82F8-CE05E26FC1DC}.Ad-Hoc|x86.ActiveCfg = Ad-Hoc|iPhone
		{FEFFE1F1-147C-48F9-82F8-CE05E26FC1DC}.AppStore|Any CPU.ActiveCfg = AppStore|iPhone
		{FEFFE1F1-147C-48F9-82F8-CE05E26FC1DC}.AppStore|ARM.ActiveCfg = AppStore|iPhone
		{FEFFE1F1-147C-48F9-82F8-CE05E26FC1DC}.AppStore|iPhone.ActiveCfg = AppStore|iPhone
		{FEFFE1F1-147C-48F9-82F8-CE05E26FC1DC}.AppStore|iPhone.Build.0 = AppStore|iPhone
		{FEFFE1F1-147C-48F9-82F8-CE05E26FC1DC}.AppStore|iPhoneSimulator.ActiveCfg = AppStore|iPhoneSimulator
		{FEFFE1F1-147C-48F9-82F8-CE05E26FC1DC}.AppStore|iPhoneSimulator.Build.0 = AppStore|iPhoneSimulator
		{FEFFE1F1-147C-48F9-82F8-CE05E26FC1DC}.AppStore|x64.ActiveCfg = AppStore|iPhone
		{FEFFE1F1-147C-48F9-82F8-CE05E26FC1DC}.AppStore|x86.ActiveCfg = AppStore|iPhone
		{FEFFE1F1-147C-48F9-82F8-CE05E26FC1DC}.Debug|Any CPU.ActiveCfg = Debug|iPhone
		{FEFFE1F1-147C-48F9-82F8-CE05E26FC1DC}.Debug|ARM.ActiveCfg = Debug|iPhone
		{FEFFE1F1-147C-48F9-82F8-CE05E26FC1DC}.Debug|iPhone.ActiveCfg = Debug|iPhone
		{FEFFE1F1-147C-48F9-82F8-CE05E26FC1DC}.Debug|iPhone.Build.0 = Debug|iPhone
		{FEFFE1F1-147C-48F9-82F8-CE05E26FC1DC}.Debug|iPhoneSimulator.ActiveCfg = Debug|iPhoneSimulator
		{FEFFE1F1-147C-48F9-82F8-CE05E26FC1DC}.Debug|iPhoneSimulator.Build.0 = Debug|iPhoneSimulator
		{FEFFE1F1-147C-48F9-82F8-CE05E26FC1DC}.Debug|x64.ActiveCfg = Debug|iPhone
		{FEFFE1F1-147C-48F9-82F8-CE05E26FC1DC}.Debug|x86.ActiveCfg = Debug|iPhone
		{FEFFE1F1-147C-48F9-82F8-CE05E26FC1DC}.Release|Any CPU.ActiveCfg = Release|iPhone
		{FEFFE1F1-147C-48F9-82F8-CE05E26FC1DC}.Release|ARM.ActiveCfg = Release|iPhone
		{FEFFE1F1-147C-48F9-82F8-CE05E26FC1DC}.Release|iPhone.ActiveCfg = Release|iPhone
		{FEFFE1F1-147C-48F9-82F8-CE05E26FC1DC}.Release|iPhone.Build.0 = Release|iPhone
		{FEFFE1F1-147C-48F9-82F8-CE05E26FC1DC}.Release|iPhoneSimulator.ActiveCfg = Release|iPhoneSimulator
		{FEFFE1F1-147C-48F9-82F8-CE05E26FC1DC}.Release|iPhoneSimulator.Build.0 = Release|iPhoneSimulator
		{FEFFE1F1-147C-48F9-82F8-CE05E26FC1DC}.Release|x64.ActiveCfg = Release|iPhone
		{FEFFE1F1-147C-48F9-82F8-CE05E26FC1DC}.Release|x86.ActiveCfg = Release|iPhone
		{B93CC88B-407D-4384-A343-6C89C1350FFC}.Ad-Hoc|Any CPU.ActiveCfg = Release|Any CPU
		{B93CC88B-407D-4384-A343-6C89C1350FFC}.Ad-Hoc|Any CPU.Build.0 = Release|Any CPU
		{B93CC88B-407D-4384-A343-6C89C1350FFC}.Ad-Hoc|Any CPU.Deploy.0 = Release|Any CPU
		{B93CC88B-407D-4384-A343-6C89C1350FFC}.Ad-Hoc|ARM.ActiveCfg = Release|ARM
		{B93CC88B-407D-4384-A343-6C89C1350FFC}.Ad-Hoc|ARM.Build.0 = Release|ARM
		{B93CC88B-407D-4384-A343-6C89C1350FFC}.Ad-Hoc|ARM.Deploy.0 = Release|ARM
		{B93CC88B-407D-4384-A343-6C89C1350FFC}.Ad-Hoc|iPhone.ActiveCfg = Release|Any CPU
		{B93CC88B-407D-4384-A343-6C89C1350FFC}.Ad-Hoc|iPhone.Build.0 = Release|Any CPU
		{B93CC88B-407D-4384-A343-6C89C1350FFC}.Ad-Hoc|iPhone.Deploy.0 = Release|Any CPU
		{B93CC88B-407D-4384-A343-6C89C1350FFC}.Ad-Hoc|iPhoneSimulator.ActiveCfg = Release|Any CPU
		{B93CC88B-407D-4384-A343-6C89C1350FFC}.Ad-Hoc|iPhoneSimulator.Build.0 = Release|Any CPU
		{B93CC88B-407D-4384-A343-6C89C1350FFC}.Ad-Hoc|iPhoneSimulator.Deploy.0 = Release|Any CPU
		{B93CC88B-407D-4384-A343-6C89C1350FFC}.Ad-Hoc|x64.ActiveCfg = Release|Any CPU
		{B93CC88B-407D-4384-A343-6C89C1350FFC}.Ad-Hoc|x64.Build.0 = Release|Any CPU
		{B93CC88B-407D-4384-A343-6C89C1350FFC}.Ad-Hoc|x64.Deploy.0 = Release|Any CPU
		{B93CC88B-407D-4384-A343-6C89C1350FFC}.Ad-Hoc|x86.ActiveCfg = Release|x86
		{B93CC88B-407D-4384-A343-6C89C1350FFC}.Ad-Hoc|x86.Build.0 = Release|x86
		{B93CC88B-407D-4384-A343-6C89C1350FFC}.Ad-Hoc|x86.Deploy.0 = Release|x86
		{B93CC88B-407D-4384-A343-6C89C1350FFC}.AppStore|Any CPU.ActiveCfg = Release|Any CPU
		{B93CC88B-407D-4384-A343-6C89C1350FFC}.AppStore|Any CPU.Build.0 = Release|Any CPU
		{B93CC88B-407D-4384-A343-6C89C1350FFC}.AppStore|Any CPU.Deploy.0 = Release|Any CPU
		{B93CC88B-407D-4384-A343-6C89C1350FFC}.AppStore|ARM.ActiveCfg = Release|ARM
		{B93CC88B-407D-4384-A343-6C89C1350FFC}.AppStore|ARM.Build.0 = Release|ARM
		{B93CC88B-407D-4384-A343-6C89C1350FFC}.AppStore|ARM.Deploy.0 = Release|ARM
		{B93CC88B-407D-4384-A343-6C89C1350FFC}.AppStore|iPhone.ActiveCfg = Release|Any CPU
		{B93CC88B-407D-4384-A343-6C89C1350FFC}.AppStore|iPhone.Build.0 = Release|Any CPU
		{B93CC88B-407D-4384-A343-6C89C1350FFC}.AppStore|iPhone.Deploy.0 = Release|Any CPU
		{B93CC88B-407D-4384-A343-6C89C1350FFC}.AppStore|iPhoneSimulator.ActiveCfg = Release|Any CPU
		{B93CC88B-407D-4384-A343-6C89C1350FFC}.AppStore|iPhoneSimulator.Build.0 = Release|Any CPU
		{B93CC88B-407D-4384-A343-6C89C1350FFC}.AppStore|iPhoneSimulator.Deploy.0 = Release|Any CPU
		{B93CC88B-407D-4384-A343-6C89C1350FFC}.AppStore|x64.ActiveCfg = Release|Any CPU
		{B93CC88B-407D-4384-A343-6C89C1350FFC}.AppStore|x64.Build.0 = Release|Any CPU
		{B93CC88B-407D-4384-A343-6C89C1350FFC}.AppStore|x64.Deploy.0 = Release|Any CPU
		{B93CC88B-407D-4384-A343-6C89C1350FFC}.AppStore|x86.ActiveCfg = Release|x86
		{B93CC88B-407D-4384-A343-6C89C1350FFC}.AppStore|x86.Build.0 = Release|x86
		{B93CC88B-407D-4384-A343-6C89C1350FFC}.AppStore|x86.Deploy.0 = Release|x86
		{B93CC88B-407D-4384-A343-6C89C1350FFC}.Debug|Any CPU.ActiveCfg = Debug|Any CPU
		{B93CC88B-407D-4384-A343-6C89C1350FFC}.Debug|Any CPU.Build.0 = Debug|Any CPU
		{B93CC88B-407D-4384-A343-6C89C1350FFC}.Debug|Any CPU.Deploy.0 = Debug|Any CPU
		{B93CC88B-407D-4384-A343-6C89C1350FFC}.Debug|ARM.ActiveCfg = Debug|ARM
		{B93CC88B-407D-4384-A343-6C89C1350FFC}.Debug|ARM.Build.0 = Debug|ARM
		{B93CC88B-407D-4384-A343-6C89C1350FFC}.Debug|ARM.Deploy.0 = Debug|ARM
		{B93CC88B-407D-4384-A343-6C89C1350FFC}.Debug|iPhone.ActiveCfg = Debug|Any CPU
		{B93CC88B-407D-4384-A343-6C89C1350FFC}.Debug|iPhone.Build.0 = Debug|Any CPU
		{B93CC88B-407D-4384-A343-6C89C1350FFC}.Debug|iPhone.Deploy.0 = Debug|Any CPU
		{B93CC88B-407D-4384-A343-6C89C1350FFC}.Debug|iPhoneSimulator.ActiveCfg = Debug|Any CPU
		{B93CC88B-407D-4384-A343-6C89C1350FFC}.Debug|iPhoneSimulator.Build.0 = Debug|Any CPU
		{B93CC88B-407D-4384-A343-6C89C1350FFC}.Debug|iPhoneSimulator.Deploy.0 = Debug|Any CPU
		{B93CC88B-407D-4384-A343-6C89C1350FFC}.Debug|x64.ActiveCfg = Debug|Any CPU
		{B93CC88B-407D-4384-A343-6C89C1350FFC}.Debug|x64.Build.0 = Debug|Any CPU
		{B93CC88B-407D-4384-A343-6C89C1350FFC}.Debug|x64.Deploy.0 = Debug|Any CPU
		{B93CC88B-407D-4384-A343-6C89C1350FFC}.Debug|x86.ActiveCfg = Debug|x86
		{B93CC88B-407D-4384-A343-6C89C1350FFC}.Debug|x86.Build.0 = Debug|x86
		{B93CC88B-407D-4384-A343-6C89C1350FFC}.Debug|x86.Deploy.0 = Debug|x86
		{B93CC88B-407D-4384-A343-6C89C1350FFC}.Release|Any CPU.ActiveCfg = Release|Any CPU
		{B93CC88B-407D-4384-A343-6C89C1350FFC}.Release|Any CPU.Build.0 = Release|Any CPU
		{B93CC88B-407D-4384-A343-6C89C1350FFC}.Release|Any CPU.Deploy.0 = Release|Any CPU
		{B93CC88B-407D-4384-A343-6C89C1350FFC}.Release|ARM.ActiveCfg = Release|ARM
		{B93CC88B-407D-4384-A343-6C89C1350FFC}.Release|ARM.Build.0 = Release|ARM
		{B93CC88B-407D-4384-A343-6C89C1350FFC}.Release|ARM.Deploy.0 = Release|ARM
		{B93CC88B-407D-4384-A343-6C89C1350FFC}.Release|iPhone.ActiveCfg = Release|Any CPU
		{B93CC88B-407D-4384-A343-6C89C1350FFC}.Release|iPhone.Build.0 = Release|Any CPU
		{B93CC88B-407D-4384-A343-6C89C1350FFC}.Release|iPhone.Deploy.0 = Release|Any CPU
		{B93CC88B-407D-4384-A343-6C89C1350FFC}.Release|iPhoneSimulator.ActiveCfg = Release|Any CPU
		{B93CC88B-407D-4384-A343-6C89C1350FFC}.Release|iPhoneSimulator.Build.0 = Release|Any CPU
		{B93CC88B-407D-4384-A343-6C89C1350FFC}.Release|iPhoneSimulator.Deploy.0 = Release|Any CPU
		{B93CC88B-407D-4384-A343-6C89C1350FFC}.Release|x64.ActiveCfg = Release|Any CPU
		{B93CC88B-407D-4384-A343-6C89C1350FFC}.Release|x64.Build.0 = Release|Any CPU
		{B93CC88B-407D-4384-A343-6C89C1350FFC}.Release|x64.Deploy.0 = Release|Any CPU
		{B93CC88B-407D-4384-A343-6C89C1350FFC}.Release|x86.ActiveCfg = Release|x86
		{B93CC88B-407D-4384-A343-6C89C1350FFC}.Release|x86.Build.0 = Release|x86
		{B93CC88B-407D-4384-A343-6C89C1350FFC}.Release|x86.Deploy.0 = Release|x86
		{9EE57F79-821E-4485-A683-1BB9D1C8DC2F}.Ad-Hoc|Any CPU.ActiveCfg = Release|x86
		{9EE57F79-821E-4485-A683-1BB9D1C8DC2F}.Ad-Hoc|Any CPU.Build.0 = Release|x86
		{9EE57F79-821E-4485-A683-1BB9D1C8DC2F}.Ad-Hoc|Any CPU.Deploy.0 = Release|x86
		{9EE57F79-821E-4485-A683-1BB9D1C8DC2F}.Ad-Hoc|ARM.ActiveCfg = Release|ARM
		{9EE57F79-821E-4485-A683-1BB9D1C8DC2F}.Ad-Hoc|ARM.Build.0 = Release|ARM
		{9EE57F79-821E-4485-A683-1BB9D1C8DC2F}.Ad-Hoc|ARM.Deploy.0 = Release|ARM
		{9EE57F79-821E-4485-A683-1BB9D1C8DC2F}.Ad-Hoc|iPhone.ActiveCfg = Release|x86
		{9EE57F79-821E-4485-A683-1BB9D1C8DC2F}.Ad-Hoc|iPhone.Build.0 = Release|x86
		{9EE57F79-821E-4485-A683-1BB9D1C8DC2F}.Ad-Hoc|iPhone.Deploy.0 = Release|x86
		{9EE57F79-821E-4485-A683-1BB9D1C8DC2F}.Ad-Hoc|iPhoneSimulator.ActiveCfg = Release|x86
		{9EE57F79-821E-4485-A683-1BB9D1C8DC2F}.Ad-Hoc|iPhoneSimulator.Build.0 = Release|x86
		{9EE57F79-821E-4485-A683-1BB9D1C8DC2F}.Ad-Hoc|iPhoneSimulator.Deploy.0 = Release|x86
		{9EE57F79-821E-4485-A683-1BB9D1C8DC2F}.Ad-Hoc|x64.ActiveCfg = Release|x64
		{9EE57F79-821E-4485-A683-1BB9D1C8DC2F}.Ad-Hoc|x64.Build.0 = Release|x64
		{9EE57F79-821E-4485-A683-1BB9D1C8DC2F}.Ad-Hoc|x64.Deploy.0 = Release|x64
		{9EE57F79-821E-4485-A683-1BB9D1C8DC2F}.Ad-Hoc|x86.ActiveCfg = Release|x86
		{9EE57F79-821E-4485-A683-1BB9D1C8DC2F}.Ad-Hoc|x86.Build.0 = Release|x86
		{9EE57F79-821E-4485-A683-1BB9D1C8DC2F}.Ad-Hoc|x86.Deploy.0 = Release|x86
		{9EE57F79-821E-4485-A683-1BB9D1C8DC2F}.AppStore|Any CPU.ActiveCfg = Release|x86
		{9EE57F79-821E-4485-A683-1BB9D1C8DC2F}.AppStore|Any CPU.Build.0 = Release|x86
		{9EE57F79-821E-4485-A683-1BB9D1C8DC2F}.AppStore|Any CPU.Deploy.0 = Release|x86
		{9EE57F79-821E-4485-A683-1BB9D1C8DC2F}.AppStore|ARM.ActiveCfg = Release|ARM
		{9EE57F79-821E-4485-A683-1BB9D1C8DC2F}.AppStore|ARM.Build.0 = Release|ARM
		{9EE57F79-821E-4485-A683-1BB9D1C8DC2F}.AppStore|ARM.Deploy.0 = Release|ARM
		{9EE57F79-821E-4485-A683-1BB9D1C8DC2F}.AppStore|iPhone.ActiveCfg = Release|x86
		{9EE57F79-821E-4485-A683-1BB9D1C8DC2F}.AppStore|iPhone.Build.0 = Release|x86
		{9EE57F79-821E-4485-A683-1BB9D1C8DC2F}.AppStore|iPhone.Deploy.0 = Release|x86
		{9EE57F79-821E-4485-A683-1BB9D1C8DC2F}.AppStore|iPhoneSimulator.ActiveCfg = Release|x86
		{9EE57F79-821E-4485-A683-1BB9D1C8DC2F}.AppStore|iPhoneSimulator.Build.0 = Release|x86
		{9EE57F79-821E-4485-A683-1BB9D1C8DC2F}.AppStore|iPhoneSimulator.Deploy.0 = Release|x86
		{9EE57F79-821E-4485-A683-1BB9D1C8DC2F}.AppStore|x64.ActiveCfg = Release|x64
		{9EE57F79-821E-4485-A683-1BB9D1C8DC2F}.AppStore|x64.Build.0 = Release|x64
		{9EE57F79-821E-4485-A683-1BB9D1C8DC2F}.AppStore|x64.Deploy.0 = Release|x64
		{9EE57F79-821E-4485-A683-1BB9D1C8DC2F}.AppStore|x86.ActiveCfg = Release|x86
		{9EE57F79-821E-4485-A683-1BB9D1C8DC2F}.AppStore|x86.Build.0 = Release|x86
		{9EE57F79-821E-4485-A683-1BB9D1C8DC2F}.AppStore|x86.Deploy.0 = Release|x86
		{9EE57F79-821E-4485-A683-1BB9D1C8DC2F}.Debug|Any CPU.ActiveCfg = Debug|x86
		{9EE57F79-821E-4485-A683-1BB9D1C8DC2F}.Debug|ARM.ActiveCfg = Debug|ARM
		{9EE57F79-821E-4485-A683-1BB9D1C8DC2F}.Debug|ARM.Build.0 = Debug|ARM
		{9EE57F79-821E-4485-A683-1BB9D1C8DC2F}.Debug|ARM.Deploy.0 = Debug|ARM
		{9EE57F79-821E-4485-A683-1BB9D1C8DC2F}.Debug|iPhone.ActiveCfg = Debug|x86
		{9EE57F79-821E-4485-A683-1BB9D1C8DC2F}.Debug|iPhoneSimulator.ActiveCfg = Debug|x86
		{9EE57F79-821E-4485-A683-1BB9D1C8DC2F}.Debug|x64.ActiveCfg = Debug|x64
		{9EE57F79-821E-4485-A683-1BB9D1C8DC2F}.Debug|x64.Build.0 = Debug|x64
		{9EE57F79-821E-4485-A683-1BB9D1C8DC2F}.Debug|x64.Deploy.0 = Debug|x64
		{9EE57F79-821E-4485-A683-1BB9D1C8DC2F}.Debug|x86.ActiveCfg = Debug|x86
		{9EE57F79-821E-4485-A683-1BB9D1C8DC2F}.Debug|x86.Build.0 = Debug|x86
		{9EE57F79-821E-4485-A683-1BB9D1C8DC2F}.Debug|x86.Deploy.0 = Debug|x86
		{9EE57F79-821E-4485-A683-1BB9D1C8DC2F}.Release|Any CPU.ActiveCfg = Release|x86
		{9EE57F79-821E-4485-A683-1BB9D1C8DC2F}.Release|ARM.ActiveCfg = Release|ARM
		{9EE57F79-821E-4485-A683-1BB9D1C8DC2F}.Release|ARM.Build.0 = Release|ARM
		{9EE57F79-821E-4485-A683-1BB9D1C8DC2F}.Release|ARM.Deploy.0 = Release|ARM
		{9EE57F79-821E-4485-A683-1BB9D1C8DC2F}.Release|iPhone.ActiveCfg = Release|x86
		{9EE57F79-821E-4485-A683-1BB9D1C8DC2F}.Release|iPhoneSimulator.ActiveCfg = Release|x86
		{9EE57F79-821E-4485-A683-1BB9D1C8DC2F}.Release|x64.ActiveCfg = Release|x64
		{9EE57F79-821E-4485-A683-1BB9D1C8DC2F}.Release|x64.Build.0 = Release|x64
		{9EE57F79-821E-4485-A683-1BB9D1C8DC2F}.Release|x64.Deploy.0 = Release|x64
		{9EE57F79-821E-4485-A683-1BB9D1C8DC2F}.Release|x86.ActiveCfg = Release|x86
		{9EE57F79-821E-4485-A683-1BB9D1C8DC2F}.Release|x86.Build.0 = Release|x86
		{9EE57F79-821E-4485-A683-1BB9D1C8DC2F}.Release|x86.Deploy.0 = Release|x86
		{FD3F29DB-DB8C-47ED-91F4-CECCE6E7F381}.Ad-Hoc|Any CPU.ActiveCfg = Release|Any CPU
		{FD3F29DB-DB8C-47ED-91F4-CECCE6E7F381}.Ad-Hoc|Any CPU.Build.0 = Release|Any CPU
		{FD3F29DB-DB8C-47ED-91F4-CECCE6E7F381}.Ad-Hoc|Any CPU.Deploy.0 = Release|Any CPU
		{FD3F29DB-DB8C-47ED-91F4-CECCE6E7F381}.Ad-Hoc|ARM.ActiveCfg = Release|ARM
		{FD3F29DB-DB8C-47ED-91F4-CECCE6E7F381}.Ad-Hoc|ARM.Build.0 = Release|ARM
		{FD3F29DB-DB8C-47ED-91F4-CECCE6E7F381}.Ad-Hoc|ARM.Deploy.0 = Release|ARM
		{FD3F29DB-DB8C-47ED-91F4-CECCE6E7F381}.Ad-Hoc|iPhone.ActiveCfg = Release|Any CPU
		{FD3F29DB-DB8C-47ED-91F4-CECCE6E7F381}.Ad-Hoc|iPhone.Build.0 = Release|Any CPU
		{FD3F29DB-DB8C-47ED-91F4-CECCE6E7F381}.Ad-Hoc|iPhone.Deploy.0 = Release|Any CPU
		{FD3F29DB-DB8C-47ED-91F4-CECCE6E7F381}.Ad-Hoc|iPhoneSimulator.ActiveCfg = Release|Any CPU
		{FD3F29DB-DB8C-47ED-91F4-CECCE6E7F381}.Ad-Hoc|iPhoneSimulator.Build.0 = Release|Any CPU
		{FD3F29DB-DB8C-47ED-91F4-CECCE6E7F381}.Ad-Hoc|iPhoneSimulator.Deploy.0 = Release|Any CPU
		{FD3F29DB-DB8C-47ED-91F4-CECCE6E7F381}.Ad-Hoc|x64.ActiveCfg = Release|x64
		{FD3F29DB-DB8C-47ED-91F4-CECCE6E7F381}.Ad-Hoc|x64.Build.0 = Release|x64
		{FD3F29DB-DB8C-47ED-91F4-CECCE6E7F381}.Ad-Hoc|x64.Deploy.0 = Release|x64
		{FD3F29DB-DB8C-47ED-91F4-CECCE6E7F381}.Ad-Hoc|x86.ActiveCfg = Release|x86
		{FD3F29DB-DB8C-47ED-91F4-CECCE6E7F381}.Ad-Hoc|x86.Build.0 = Release|x86
		{FD3F29DB-DB8C-47ED-91F4-CECCE6E7F381}.Ad-Hoc|x86.Deploy.0 = Release|x86
		{FD3F29DB-DB8C-47ED-91F4-CECCE6E7F381}.AppStore|Any CPU.ActiveCfg = Release|Any CPU
		{FD3F29DB-DB8C-47ED-91F4-CECCE6E7F381}.AppStore|Any CPU.Build.0 = Release|Any CPU
		{FD3F29DB-DB8C-47ED-91F4-CECCE6E7F381}.AppStore|Any CPU.Deploy.0 = Release|Any CPU
		{FD3F29DB-DB8C-47ED-91F4-CECCE6E7F381}.AppStore|ARM.ActiveCfg = Release|ARM
		{FD3F29DB-DB8C-47ED-91F4-CECCE6E7F381}.AppStore|ARM.Build.0 = Release|ARM
		{FD3F29DB-DB8C-47ED-91F4-CECCE6E7F381}.AppStore|ARM.Deploy.0 = Release|ARM
		{FD3F29DB-DB8C-47ED-91F4-CECCE6E7F381}.AppStore|iPhone.ActiveCfg = Release|Any CPU
		{FD3F29DB-DB8C-47ED-91F4-CECCE6E7F381}.AppStore|iPhone.Build.0 = Release|Any CPU
		{FD3F29DB-DB8C-47ED-91F4-CECCE6E7F381}.AppStore|iPhone.Deploy.0 = Release|Any CPU
		{FD3F29DB-DB8C-47ED-91F4-CECCE6E7F381}.AppStore|iPhoneSimulator.ActiveCfg = Release|Any CPU
		{FD3F29DB-DB8C-47ED-91F4-CECCE6E7F381}.AppStore|iPhoneSimulator.Build.0 = Release|Any CPU
		{FD3F29DB-DB8C-47ED-91F4-CECCE6E7F381}.AppStore|iPhoneSimulator.Deploy.0 = Release|Any CPU
		{FD3F29DB-DB8C-47ED-91F4-CECCE6E7F381}.AppStore|x64.ActiveCfg = Release|x64
		{FD3F29DB-DB8C-47ED-91F4-CECCE6E7F381}.AppStore|x64.Build.0 = Release|x64
		{FD3F29DB-DB8C-47ED-91F4-CECCE6E7F381}.AppStore|x64.Deploy.0 = Release|x64
		{FD3F29DB-DB8C-47ED-91F4-CECCE6E7F381}.AppStore|x86.ActiveCfg = Release|x86
		{FD3F29DB-DB8C-47ED-91F4-CECCE6E7F381}.AppStore|x86.Build.0 = Release|x86
		{FD3F29DB-DB8C-47ED-91F4-CECCE6E7F381}.AppStore|x86.Deploy.0 = Release|x86
		{FD3F29DB-DB8C-47ED-91F4-CECCE6E7F381}.Debug|Any CPU.ActiveCfg = Debug|Any CPU
		{FD3F29DB-DB8C-47ED-91F4-CECCE6E7F381}.Debug|Any CPU.Build.0 = Debug|Any CPU
		{FD3F29DB-DB8C-47ED-91F4-CECCE6E7F381}.Debug|Any CPU.Deploy.0 = Debug|Any CPU
		{FD3F29DB-DB8C-47ED-91F4-CECCE6E7F381}.Debug|ARM.ActiveCfg = Debug|ARM
		{FD3F29DB-DB8C-47ED-91F4-CECCE6E7F381}.Debug|ARM.Build.0 = Debug|ARM
		{FD3F29DB-DB8C-47ED-91F4-CECCE6E7F381}.Debug|ARM.Deploy.0 = Debug|ARM
		{FD3F29DB-DB8C-47ED-91F4-CECCE6E7F381}.Debug|iPhone.ActiveCfg = Debug|Any CPU
		{FD3F29DB-DB8C-47ED-91F4-CECCE6E7F381}.Debug|iPhone.Build.0 = Debug|Any CPU
		{FD3F29DB-DB8C-47ED-91F4-CECCE6E7F381}.Debug|iPhone.Deploy.0 = Debug|Any CPU
		{FD3F29DB-DB8C-47ED-91F4-CECCE6E7F381}.Debug|iPhoneSimulator.ActiveCfg = Debug|Any CPU
		{FD3F29DB-DB8C-47ED-91F4-CECCE6E7F381}.Debug|iPhoneSimulator.Build.0 = Debug|Any CPU
		{FD3F29DB-DB8C-47ED-91F4-CECCE6E7F381}.Debug|iPhoneSimulator.Deploy.0 = Debug|Any CPU
		{FD3F29DB-DB8C-47ED-91F4-CECCE6E7F381}.Debug|x64.ActiveCfg = Debug|x64
		{FD3F29DB-DB8C-47ED-91F4-CECCE6E7F381}.Debug|x64.Build.0 = Debug|x64
		{FD3F29DB-DB8C-47ED-91F4-CECCE6E7F381}.Debug|x64.Deploy.0 = Debug|x64
		{FD3F29DB-DB8C-47ED-91F4-CECCE6E7F381}.Debug|x86.ActiveCfg = Debug|x86
		{FD3F29DB-DB8C-47ED-91F4-CECCE6E7F381}.Debug|x86.Build.0 = Debug|x86
		{FD3F29DB-DB8C-47ED-91F4-CECCE6E7F381}.Debug|x86.Deploy.0 = Debug|x86
		{FD3F29DB-DB8C-47ED-91F4-CECCE6E7F381}.Release|Any CPU.ActiveCfg = Release|Any CPU
		{FD3F29DB-DB8C-47ED-91F4-CECCE6E7F381}.Release|Any CPU.Build.0 = Release|Any CPU
		{FD3F29DB-DB8C-47ED-91F4-CECCE6E7F381}.Release|Any CPU.Deploy.0 = Release|Any CPU
		{FD3F29DB-DB8C-47ED-91F4-CECCE6E7F381}.Release|ARM.ActiveCfg = Release|ARM
		{FD3F29DB-DB8C-47ED-91F4-CECCE6E7F381}.Release|ARM.Build.0 = Release|ARM
		{FD3F29DB-DB8C-47ED-91F4-CECCE6E7F381}.Release|ARM.Deploy.0 = Release|ARM
		{FD3F29DB-DB8C-47ED-91F4-CECCE6E7F381}.Release|iPhone.ActiveCfg = Release|Any CPU
		{FD3F29DB-DB8C-47ED-91F4-CECCE6E7F381}.Release|iPhone.Build.0 = Release|Any CPU
		{FD3F29DB-DB8C-47ED-91F4-CECCE6E7F381}.Release|iPhone.Deploy.0 = Release|Any CPU
		{FD3F29DB-DB8C-47ED-91F4-CECCE6E7F381}.Release|iPhoneSimulator.ActiveCfg = Release|Any CPU
		{FD3F29DB-DB8C-47ED-91F4-CECCE6E7F381}.Release|iPhoneSimulator.Build.0 = Release|Any CPU
		{FD3F29DB-DB8C-47ED-91F4-CECCE6E7F381}.Release|iPhoneSimulator.Deploy.0 = Release|Any CPU
		{FD3F29DB-DB8C-47ED-91F4-CECCE6E7F381}.Release|x64.ActiveCfg = Release|x64
		{FD3F29DB-DB8C-47ED-91F4-CECCE6E7F381}.Release|x64.Build.0 = Release|x64
		{FD3F29DB-DB8C-47ED-91F4-CECCE6E7F381}.Release|x64.Deploy.0 = Release|x64
		{FD3F29DB-DB8C-47ED-91F4-CECCE6E7F381}.Release|x86.ActiveCfg = Release|x86
		{FD3F29DB-DB8C-47ED-91F4-CECCE6E7F381}.Release|x86.Build.0 = Release|x86
		{FD3F29DB-DB8C-47ED-91F4-CECCE6E7F381}.Release|x86.Deploy.0 = Release|x86
		{80552A4D-5C19-488D-B4B2-CFE1E20B24D1}.Ad-Hoc|Any CPU.ActiveCfg = Release|Any CPU
		{80552A4D-5C19-488D-B4B2-CFE1E20B24D1}.Ad-Hoc|Any CPU.Build.0 = Release|Any CPU
		{80552A4D-5C19-488D-B4B2-CFE1E20B24D1}.Ad-Hoc|ARM.ActiveCfg = Release|Any CPU
		{80552A4D-5C19-488D-B4B2-CFE1E20B24D1}.Ad-Hoc|ARM.Build.0 = Release|Any CPU
		{80552A4D-5C19-488D-B4B2-CFE1E20B24D1}.Ad-Hoc|iPhone.ActiveCfg = Release|Any CPU
		{80552A4D-5C19-488D-B4B2-CFE1E20B24D1}.Ad-Hoc|iPhone.Build.0 = Release|Any CPU
		{80552A4D-5C19-488D-B4B2-CFE1E20B24D1}.Ad-Hoc|iPhoneSimulator.ActiveCfg = Release|Any CPU
		{80552A4D-5C19-488D-B4B2-CFE1E20B24D1}.Ad-Hoc|iPhoneSimulator.Build.0 = Release|Any CPU
		{80552A4D-5C19-488D-B4B2-CFE1E20B24D1}.Ad-Hoc|x64.ActiveCfg = Release|Any CPU
		{80552A4D-5C19-488D-B4B2-CFE1E20B24D1}.Ad-Hoc|x64.Build.0 = Release|Any CPU
		{80552A4D-5C19-488D-B4B2-CFE1E20B24D1}.Ad-Hoc|x86.ActiveCfg = Release|Any CPU
		{80552A4D-5C19-488D-B4B2-CFE1E20B24D1}.Ad-Hoc|x86.Build.0 = Release|Any CPU
		{80552A4D-5C19-488D-B4B2-CFE1E20B24D1}.AppStore|Any CPU.ActiveCfg = Release|Any CPU
		{80552A4D-5C19-488D-B4B2-CFE1E20B24D1}.AppStore|Any CPU.Build.0 = Release|Any CPU
		{80552A4D-5C19-488D-B4B2-CFE1E20B24D1}.AppStore|ARM.ActiveCfg = Release|Any CPU
		{80552A4D-5C19-488D-B4B2-CFE1E20B24D1}.AppStore|ARM.Build.0 = Release|Any CPU
		{80552A4D-5C19-488D-B4B2-CFE1E20B24D1}.AppStore|iPhone.ActiveCfg = Release|Any CPU
		{80552A4D-5C19-488D-B4B2-CFE1E20B24D1}.AppStore|iPhone.Build.0 = Release|Any CPU
		{80552A4D-5C19-488D-B4B2-CFE1E20B24D1}.AppStore|iPhoneSimulator.ActiveCfg = Release|Any CPU
		{80552A4D-5C19-488D-B4B2-CFE1E20B24D1}.AppStore|iPhoneSimulator.Build.0 = Release|Any CPU
		{80552A4D-5C19-488D-B4B2-CFE1E20B24D1}.AppStore|x64.ActiveCfg = Release|Any CPU
		{80552A4D-5C19-488D-B4B2-CFE1E20B24D1}.AppStore|x64.Build.0 = Release|Any CPU
		{80552A4D-5C19-488D-B4B2-CFE1E20B24D1}.AppStore|x86.ActiveCfg = Release|Any CPU
		{80552A4D-5C19-488D-B4B2-CFE1E20B24D1}.AppStore|x86.Build.0 = Release|Any CPU
		{80552A4D-5C19-488D-B4B2-CFE1E20B24D1}.Debug|Any CPU.ActiveCfg = Debug|Any CPU
		{80552A4D-5C19-488D-B4B2-CFE1E20B24D1}.Debug|Any CPU.Build.0 = Debug|Any CPU
		{80552A4D-5C19-488D-B4B2-CFE1E20B24D1}.Debug|ARM.ActiveCfg = Debug|Any CPU
		{80552A4D-5C19-488D-B4B2-CFE1E20B24D1}.Debug|ARM.Build.0 = Debug|Any CPU
		{80552A4D-5C19-488D-B4B2-CFE1E20B24D1}.Debug|iPhone.ActiveCfg = Debug|Any CPU
		{80552A4D-5C19-488D-B4B2-CFE1E20B24D1}.Debug|iPhone.Build.0 = Debug|Any CPU
		{80552A4D-5C19-488D-B4B2-CFE1E20B24D1}.Debug|iPhoneSimulator.ActiveCfg = Debug|Any CPU
		{80552A4D-5C19-488D-B4B2-CFE1E20B24D1}.Debug|iPhoneSimulator.Build.0 = Debug|Any CPU
		{80552A4D-5C19-488D-B4B2-CFE1E20B24D1}.Debug|x64.ActiveCfg = Debug|Any CPU
		{80552A4D-5C19-488D-B4B2-CFE1E20B24D1}.Debug|x64.Build.0 = Debug|Any CPU
		{80552A4D-5C19-488D-B4B2-CFE1E20B24D1}.Debug|x86.ActiveCfg = Debug|Any CPU
		{80552A4D-5C19-488D-B4B2-CFE1E20B24D1}.Debug|x86.Build.0 = Debug|Any CPU
		{80552A4D-5C19-488D-B4B2-CFE1E20B24D1}.Release|Any CPU.ActiveCfg = Release|Any CPU
		{80552A4D-5C19-488D-B4B2-CFE1E20B24D1}.Release|Any CPU.Build.0 = Release|Any CPU
		{80552A4D-5C19-488D-B4B2-CFE1E20B24D1}.Release|ARM.ActiveCfg = Release|Any CPU
		{80552A4D-5C19-488D-B4B2-CFE1E20B24D1}.Release|ARM.Build.0 = Release|Any CPU
		{80552A4D-5C19-488D-B4B2-CFE1E20B24D1}.Release|iPhone.ActiveCfg = Release|Any CPU
		{80552A4D-5C19-488D-B4B2-CFE1E20B24D1}.Release|iPhone.Build.0 = Release|Any CPU
		{80552A4D-5C19-488D-B4B2-CFE1E20B24D1}.Release|iPhoneSimulator.ActiveCfg = Release|Any CPU
		{80552A4D-5C19-488D-B4B2-CFE1E20B24D1}.Release|iPhoneSimulator.Build.0 = Release|Any CPU
		{80552A4D-5C19-488D-B4B2-CFE1E20B24D1}.Release|x64.ActiveCfg = Release|Any CPU
		{80552A4D-5C19-488D-B4B2-CFE1E20B24D1}.Release|x64.Build.0 = Release|Any CPU
		{80552A4D-5C19-488D-B4B2-CFE1E20B24D1}.Release|x86.ActiveCfg = Release|Any CPU
		{80552A4D-5C19-488D-B4B2-CFE1E20B24D1}.Release|x86.Build.0 = Release|Any CPU
	EndGlobalSection
	GlobalSection(SolutionProperties) = preSolution
		HideSolutionNode = FALSE
	EndGlobalSection
EndGlobal
